
Microsoft Visual Studio Solution File, Format Version 12.00
# Visual Studio 2015
Project("{FAE04EC0-301F-11D3-BF4B-00C04F79EFBC}") = "Repo(15.03.07)", "Repo(15.03.07).csproj", "{89142D2F-613D-8948-55B9-B91DD4E96B1D}"
EndProject
Global
	GlobalSection(SolutionConfigurationPlatforms) = preSolution
		Debug|Any CPU = Debug|Any CPU
		Release|Any CPU = Release|Any CPU
	EndGlobalSection
	GlobalSection(ProjectConfigurationPlatforms) = postSolution
		{89142D2F-613D-8948-55B9-B91DD4E96B1D}.Debug|Any CPU.ActiveCfg = Debug|Any CPU
		{89142D2F-613D-8948-55B9-B91DD4E96B1D}.Debug|Any CPU.Build.0 = Debug|Any CPU
		{89142D2F-613D-8948-55B9-B91DD4E96B1D}.Release|Any CPU.ActiveCfg = Release|Any CPU
		{89142D2F-613D-8948-55B9-B91DD4E96B1D}.Release|Any CPU.Build.0 = Release|Any CPU
	EndGlobalSection
	GlobalSection(SolutionProperties) = preSolution
		HideSolutionNode = FALSE
	EndGlobalSection
EndGlobal
